
Microsoft Visual Studio Solution File, Format Version 12.00
# Visual Studio 15
VisualStudioVersion = 15.0.28307.106
MinimumVisualStudioVersion = 10.0.40219.1
Project("{9A19103F-16F7-4668-BE54-9A1E7A4F7556}") = "HelloWorld", "HelloWorld.csproj", "{584D0BCC-7F3A-47F9-AC53-A02A08DB1355}"
EndProject
Global
	GlobalSection(SolutionConfigurationPlatforms) = preSolution
		Debug|Any CPU = Debug|Any CPU
		Release|Any CPU = Release|Any CPU
	EndGlobalSection
	GlobalSection(ProjectConfigurationPlatforms) = postSolution
		{584D0BCC-7F3A-47F9-AC53-A02A08DB1355}.Debug|Any CPU.ActiveCfg = Debug|Any CPU
		{584D0BCC-7F3A-47F9-AC53-A02A08DB1355}.Debug|Any CPU.Build.0 = Debug|Any CPU
		{584D0BCC-7F3A-47F9-AC53-A02A08DB1355}.Release|Any CPU.ActiveCfg = Release|Any CPU
		{584D0BCC-7F3A-47F9-AC53-A02A08DB1355}.Release|Any CPU.Build.0 = Release|Any CPU
	EndGlobalSection
	GlobalSection(SolutionProperties) = preSolution
		HideSolutionNode = FALSE
	EndGlobalSection
	GlobalSection(ExtensibilityGlobals) = postSolution
		SolutionGuid = {4C7AFDE4-2B2A-4D5D-8521-E9E15EF69D24}
	EndGlobalSection
EndGlobal
