
Microsoft Visual Studio Solution File, Format Version 12.00
# Visual Studio 15
VisualStudioVersion = 15.0.28307.106
MinimumVisualStudioVersion = 10.0.40219.1
Project("{FAE04EC0-301F-11D3-BF4B-00C04F79EFBC}") = "EFDBFirstDemo.UI", "EFDBFirstDemo.UI\EFDBFirstDemo.UI.csproj", "{9170E3CB-B4C3-4E8F-AF27-288ED710DB4A}"
EndProject
Project("{FAE04EC0-301F-11D3-BF4B-00C04F79EFBC}") = "EFDBFirstDemo.DataAccess", "EFDBFirstDemo.DataAccess\EFDBFirstDemo.DataAccess.csproj", "{2D529FCD-C19F-4F5C-8A0F-769EA742D142}"
EndProject
Project("{FAE04EC0-301F-11D3-BF4B-00C04F79EFBC}") = "EFDBFirstDemo.Testing", "EFDBFirstDemo.Testing\EFDBFirstDemo.Testing.csproj", "{183D21A1-7AAB-4AB9-91EE-7845682294C3}"
EndProject
Global
	GlobalSection(SolutionConfigurationPlatforms) = preSolution
		Debug|Any CPU = Debug|Any CPU
		Release|Any CPU = Release|Any CPU
	EndGlobalSection
	GlobalSection(ProjectConfigurationPlatforms) = postSolution
		{9170E3CB-B4C3-4E8F-AF27-288ED710DB4A}.Debug|Any CPU.ActiveCfg = Debug|Any CPU
		{9170E3CB-B4C3-4E8F-AF27-288ED710DB4A}.Debug|Any CPU.Build.0 = Debug|Any CPU
		{9170E3CB-B4C3-4E8F-AF27-288ED710DB4A}.Release|Any CPU.ActiveCfg = Release|Any CPU
		{9170E3CB-B4C3-4E8F-AF27-288ED710DB4A}.Release|Any CPU.Build.0 = Release|Any CPU
		{2D529FCD-C19F-4F5C-8A0F-769EA742D142}.Debug|Any CPU.ActiveCfg = Debug|Any CPU
		{2D529FCD-C19F-4F5C-8A0F-769EA742D142}.Debug|Any CPU.Build.0 = Debug|Any CPU
		{2D529FCD-C19F-4F5C-8A0F-769EA742D142}.Release|Any CPU.ActiveCfg = Release|Any CPU
		{2D529FCD-C19F-4F5C-8A0F-769EA742D142}.Release|Any CPU.Build.0 = Release|Any CPU
		{183D21A1-7AAB-4AB9-91EE-7845682294C3}.Debug|Any CPU.ActiveCfg = Debug|Any CPU
		{183D21A1-7AAB-4AB9-91EE-7845682294C3}.Debug|Any CPU.Build.0 = Debug|Any CPU
		{183D21A1-7AAB-4AB9-91EE-7845682294C3}.Release|Any CPU.ActiveCfg = Release|Any CPU
		{183D21A1-7AAB-4AB9-91EE-7845682294C3}.Release|Any CPU.Build.0 = Release|Any CPU
	EndGlobalSection
	GlobalSection(SolutionProperties) = preSolution
		HideSolutionNode = FALSE
	EndGlobalSection
	GlobalSection(ExtensibilityGlobals) = postSolution
		SolutionGuid = {6D5538E5-5602-48F7-9837-E2454057A359}
	EndGlobalSection
EndGlobal
