
Microsoft Visual Studio Solution File, Format Version 12.00
# Visual Studio 15
VisualStudioVersion = 15.0.28307.106
MinimumVisualStudioVersion = 10.0.40219.1
Project("{FAE04EC0-301F-11D3-BF4B-00C04F79EFBC}") = "TemperatureWebsite", "TemperatureWebsite\TemperatureWebsite.csproj", "{47595DD8-00AB-4D19-9E55-CF48F3725AB8}"
EndProject
Global
	GlobalSection(SolutionConfigurationPlatforms) = preSolution
		Debug|Any CPU = Debug|Any CPU
		Release|Any CPU = Release|Any CPU
	EndGlobalSection
	GlobalSection(ProjectConfigurationPlatforms) = postSolution
		{47595DD8-00AB-4D19-9E55-CF48F3725AB8}.Debug|Any CPU.ActiveCfg = Debug|Any CPU
		{47595DD8-00AB-4D19-9E55-CF48F3725AB8}.Debug|Any CPU.Build.0 = Debug|Any CPU
		{47595DD8-00AB-4D19-9E55-CF48F3725AB8}.Release|Any CPU.ActiveCfg = Release|Any CPU
		{47595DD8-00AB-4D19-9E55-CF48F3725AB8}.Release|Any CPU.Build.0 = Release|Any CPU
	EndGlobalSection
	GlobalSection(SolutionProperties) = preSolution
		HideSolutionNode = FALSE
	EndGlobalSection
	GlobalSection(ExtensibilityGlobals) = postSolution
		SolutionGuid = {2D9B1B80-D79A-4B2C-A075-49FE17C07BD1}
	EndGlobalSection
EndGlobal
